// !$*UTF8*$!
{
	archiveVersion = 1;
	classes = {
	};
	objectVersion = 55;
	objects = {

/* Begin PBXBuildFile section */
		7CA81B92272E593E00EFFE25 /* AppDelegate.m in Sources */ = {isa = PBXBuildFile; fileRef = 7CA81B91272E593E00EFFE25 /* AppDelegate.m */; };
		7CA81B95272E593E00EFFE25 /* SceneDelegate.m in Sources */ = {isa = PBXBuildFile; fileRef = 7CA81B94272E593E00EFFE25 /* SceneDelegate.m */; };
		7CA81B98272E593E00EFFE25 /* ViewController.m in Sources */ = {isa = PBXBuildFile; fileRef = 7CA81B97272E593E00EFFE25 /* ViewController.m */; };
		7CA81B9B272E593E00EFFE25 /* Main.storyboard in Resources */ = {isa = PBXBuildFile; fileRef = 7CA81B99272E593E00EFFE25 /* Main.storyboard */; };
		7CA81B9D272E594100EFFE25 /* Assets.xcassets in Resources */ = {isa = PBXBuildFile; fileRef = 7CA81B9C272E594100EFFE25 /* Assets.xcassets */; };
		7CA81BA0272E594100EFFE25 /* LaunchScreen.storyboard in Resources */ = {isa = PBXBuildFile; fileRef = 7CA81B9E272E594100EFFE25 /* LaunchScreen.storyboard */; };
		7CA81BA3272E594100EFFE25 /* main.m in Sources */ = {isa = PBXBuildFile; fileRef = 7CA81BA2272E594100EFFE25 /* main.m */; };
		7CA81BB1272E596200EFFE25 /* CLCQARecordManager.m in Sources */ = {isa = PBXBuildFile; fileRef = 7CA81BAA272E596200EFFE25 /* CLCQARecordManager.m */; };
		7CA81BB2272E596200EFFE25 /* CLCQAResponseClipRecorder.m in Sources */ = {isa = PBXBuildFile; fileRef = 7CA81BAD272E596200EFFE25 /* CLCQAResponseClipRecorder.m */; };
		7CA81BB3272E596200EFFE25 /* CLCQARecord.m in Sources */ = {isa = PBXBuildFile; fileRef = 7CA81BAF272E596200EFFE25 /* CLCQARecord.m */; };
/* End PBXBuildFile section */

/* Begin PBXFileReference section */
		7CA81B8D272E593E00EFFE25 /* QARecorder.app */ = {isa = PBXFileReference; explicitFileType = wrapper.application; includeInIndex = 0; path = QARecorder.app; sourceTree = BUILT_PRODUCTS_DIR; };
		7CA81B90272E593E00EFFE25 /* AppDelegate.h */ = {isa = PBXFileReference; lastKnownFileType = sourcecode.c.h; path = AppDelegate.h; sourceTree = "<group>"; };
		7CA81B91272E593E00EFFE25 /* AppDelegate.m */ = {isa = PBXFileReference; lastKnownFileType = sourcecode.c.objc; path = AppDelegate.m; sourceTree = "<group>"; };
		7CA81B93272E593E00EFFE25 /* SceneDelegate.h */ = {isa = PBXFileReference; lastKnownFileType = sourcecode.c.h; path = SceneDelegate.h; sourceTree = "<group>"; };
		7CA81B94272E593E00EFFE25 /* SceneDelegate.m */ = {isa = PBXFileReference; lastKnownFileType = sourcecode.c.objc; path = SceneDelegate.m; sourceTree = "<group>"; };
		7CA81B96272E593E00EFFE25 /* ViewController.h */ = {isa = PBXFileReference; lastKnownFileType = sourcecode.c.h; path = ViewController.h; sourceTree = "<group>"; };
		7CA81B97272E593E00EFFE25 /* ViewController.m */ = {isa = PBXFileReference; lastKnownFileType = sourcecode.c.objc; path = ViewController.m; sourceTree = "<group>"; };
		7CA81B9A272E593E00EFFE25 /* Base */ = {isa = PBXFileReference; lastKnownFileType = file.storyboard; name = Base; path = Base.lproj/Main.storyboard; sourceTree = "<group>"; };
		7CA81B9C272E594100EFFE25 /* Assets.xcassets */ = {isa = PBXFileReference; lastKnownFileType = folder.assetcatalog; path = Assets.xcassets; sourceTree = "<group>"; };
		7CA81B9F272E594100EFFE25 /* Base */ = {isa = PBXFileReference; lastKnownFileType = file.storyboard; name = Base; path = Base.lproj/LaunchScreen.storyboard; sourceTree = "<group>"; };
		7CA81BA1272E594100EFFE25 /* Info.plist */ = {isa = PBXFileReference; lastKnownFileType = text.plist.xml; path = Info.plist; sourceTree = "<group>"; };
		7CA81BA2272E594100EFFE25 /* main.m */ = {isa = PBXFileReference; lastKnownFileType = sourcecode.c.objc; path = main.m; sourceTree = "<group>"; };
		7CA81BAA272E596200EFFE25 /* CLCQARecordManager.m */ = {isa = PBXFileReference; fileEncoding = 4; lastKnownFileType = sourcecode.c.objc; path = CLCQARecordManager.m; sourceTree = "<group>"; };
		7CA81BAB272E596200EFFE25 /* CLCQARecordProtocol.h */ = {isa = PBXFileReference; fileEncoding = 4; lastKnownFileType = sourcecode.c.h; path = CLCQARecordProtocol.h; sourceTree = "<group>"; };
		7CA81BAC272E596200EFFE25 /* CLCQARecord.h */ = {isa = PBXFileReference; fileEncoding = 4; lastKnownFileType = sourcecode.c.h; path = CLCQARecord.h; sourceTree = "<group>"; };
		7CA81BAD272E596200EFFE25 /* CLCQAResponseClipRecorder.m */ = {isa = PBXFileReference; fileEncoding = 4; lastKnownFileType = sourcecode.c.objc; path = CLCQAResponseClipRecorder.m; sourceTree = "<group>"; };
		7CA81BAE272E596200EFFE25 /* CLCQAResponseClipRecorder.h */ = {isa = PBXFileReference; fileEncoding = 4; lastKnownFileType = sourcecode.c.h; path = CLCQAResponseClipRecorder.h; sourceTree = "<group>"; };
		7CA81BAF272E596200EFFE25 /* CLCQARecord.m */ = {isa = PBXFileReference; fileEncoding = 4; lastKnownFileType = sourcecode.c.objc; path = CLCQARecord.m; sourceTree = "<group>"; };
		7CA81BB0272E596200EFFE25 /* CLCQARecordManager.h */ = {isa = PBXFileReference; fileEncoding = 4; lastKnownFileType = sourcecode.c.h; path = CLCQARecordManager.h; sourceTree = "<group>"; };
/* End PBXFileReference section */

/* Begin PBXFrameworksBuildPhase section */
		7CA81B8A272E593E00EFFE25 /* Frameworks */ = {
			isa = PBXFrameworksBuildPhase;
			buildActionMask = 2147483647;
			files = (
			);
			runOnlyForDeploymentPostprocessing = 0;
		};
/* End PBXFrameworksBuildPhase section */

/* Begin PBXGroup section */
		7CA81B84272E593E00EFFE25 = {
			isa = PBXGroup;
			children = (
				7CA81B8F272E593E00EFFE25 /* QARecorder */,
				7CA81B8E272E593E00EFFE25 /* Products */,
			);
			sourceTree = "<group>";
		};
		7CA81B8E272E593E00EFFE25 /* Products */ = {
			isa = PBXGroup;
			children = (
				7CA81B8D272E593E00EFFE25 /* QARecorder.app */,
			);
			name = Products;
			sourceTree = "<group>";
		};
		7CA81B8F272E593E00EFFE25 /* QARecorder */ = {
			isa = PBXGroup;
			children = (
				7CA81BA9272E594F00EFFE25 /* Recorde */,
				7CA81B90272E593E00EFFE25 /* AppDelegate.h */,
				7CA81B91272E593E00EFFE25 /* AppDelegate.m */,
				7CA81B93272E593E00EFFE25 /* SceneDelegate.h */,
				7CA81B94272E593E00EFFE25 /* SceneDelegate.m */,
				7CA81B96272E593E00EFFE25 /* ViewController.h */,
				7CA81B97272E593E00EFFE25 /* ViewController.m */,
				7CA81B99272E593E00EFFE25 /* Main.storyboard */,
				7CA81B9C272E594100EFFE25 /* Assets.xcassets */,
				7CA81B9E272E594100EFFE25 /* LaunchScreen.storyboard */,
				7CA81BA1272E594100EFFE25 /* Info.plist */,
				7CA81BA2272E594100EFFE25 /* main.m */,
			);
			path = QARecorder;
			sourceTree = "<group>";
		};
		7CA81BA9272E594F00EFFE25 /* Recorde */ = {
			isa = PBXGroup;
			children = (
				7CA81BB4272E649300EFFE25 /* Recorders */,
				7CA81BAB272E596200EFFE25 /* CLCQARecordProtocol.h */,
				7CA81BB0272E596200EFFE25 /* CLCQARecordManager.h */,
				7CA81BAA272E596200EFFE25 /* CLCQARecordManager.m */,
			);
			path = Recorde;
			sourceTree = "<group>";
		};
		7CA81BB4272E649300EFFE25 /* Recorders */ = {
			isa = PBXGroup;
			children = (
				7CA81BAE272E596200EFFE25 /* CLCQAResponseClipRecorder.h */,
				7CA81BAD272E596200EFFE25 /* CLCQAResponseClipRecorder.m */,
				7CA81BAC272E596200EFFE25 /* CLCQARecord.h */,
				7CA81BAF272E596200EFFE25 /* CLCQARecord.m */,
			);
			path = Recorders;
			sourceTree = "<group>";
		};
/* End PBXGroup section */

/* Begin PBXNativeTarget section */
		7CA81B8C272E593E00EFFE25 /* QARecorder */ = {
			isa = PBXNativeTarget;
			buildConfigurationList = 7CA81BA6272E594100EFFE25 /* Build configuration list for PBXNativeTarget "QARecorder" */;
			buildPhases = (
				7CA81B89272E593E00EFFE25 /* Sources */,
				7CA81B8A272E593E00EFFE25 /* Frameworks */,
				7CA81B8B272E593E00EFFE25 /* Resources */,
			);
			buildRules = (
			);
			dependencies = (
			);
			name = QARecorder;
			productName = QARecorder;
			productReference = 7CA81B8D272E593E00EFFE25 /* QARecorder.app */;
			productType = "com.apple.product-type.application";
		};
/* End PBXNativeTarget section */

/* Begin PBXProject section */
		7CA81B85272E593E00EFFE25 /* Project object */ = {
			isa = PBXProject;
			attributes = {
				BuildIndependentTargetsInParallel = 1;
				LastUpgradeCheck = 1300;
				TargetAttributes = {
					7CA81B8C272E593E00EFFE25 = {
						CreatedOnToolsVersion = 13.0;
					};
				};
			};
			buildConfigurationList = 7CA81B88272E593E00EFFE25 /* Build configuration list for PBXProject "QARecorder" */;
			compatibilityVersion = "Xcode 13.0";
			developmentRegion = en;
			hasScannedForEncodings = 0;
			knownRegions = (
				en,
				Base,
			);
			mainGroup = 7CA81B84272E593E00EFFE25;
			productRefGroup = 7CA81B8E272E593E00EFFE25 /* Products */;
			projectDirPath = "";
			projectRoot = "";
			targets = (
				7CA81B8C272E593E00EFFE25 /* QARecorder */,
			);
		};
/* End PBXProject section */

/* Begin PBXResourcesBuildPhase section */
		7CA81B8B272E593E00EFFE25 /* Resources */ = {
			isa = PBXResourcesBuildPhase;
			buildActionMask = 2147483647;
			files = (
				7CA81BA0272E594100EFFE25 /* LaunchScreen.storyboard in Resources */,
				7CA81B9D272E594100EFFE25 /* Assets.xcassets in Resources */,
				7CA81B9B272E593E00EFFE25 /* Main.storyboard in Resources */,
			);
			runOnlyForDeploymentPostprocessing = 0;
		};
/* End PBXResourcesBuildPhase section */

/* Begin PBXSourcesBuildPhase section */
		7CA81B89272E593E00EFFE25 /* Sources */ = {
			isa = PBXSourcesBuildPhase;
			buildActionMask = 2147483647;
			files = (
				7CA81B98272E593E00EFFE25 /* ViewController.m in Sources */,
				7CA81BB1272E596200EFFE25 /* CLCQARecordManager.m in Sources */,
				7CA81B92272E593E00EFFE25 /* AppDelegate.m in Sources */,
				7CA81BA3272E594100EFFE25 /* main.m in Sources */,
				7CA81BB2272E596200EFFE25 /* CLCQAResponseClipRecorder.m in Sources */,
				7CA81B95272E593E00EFFE25 /* SceneDelegate.m in Sources */,
				7CA81BB3272E596200EFFE25 /* CLCQARecord.m in Sources */,
			);
			runOnlyForDeploymentPostprocessing = 0;
		};
/* End PBXSourcesBuildPhase section */

/* Begin PBXVariantGroup section */
		7CA81B99272E593E00EFFE25 /* Main.storyboard */ = {
			isa = PBXVariantGroup;
			children = (
				7CA81B9A272E593E00EFFE25 /* Base */,
			);
			name = Main.storyboard;
			sourceTree = "<group>";
		};
		7CA81B9E272E594100EFFE25 /* LaunchScreen.storyboard */ = {
			isa = PBXVariantGroup;
			children = (
				7CA81B9F272E594100EFFE25 /* Base */,
			);
			name = LaunchScreen.storyboard;
			sourceTree = "<group>";
		};
/* End PBXVariantGroup section */

/* Begin XCBuildConfiguration section */
		7CA81BA4272E594100EFFE25 /* Debug */ = {
			isa = XCBuildConfiguration;
			buildSettings = {
				ALWAYS_SEARCH_USER_PATHS = NO;
				CLANG_ANALYZER_NONNULL = YES;
				CLANG_ANALYZER_NUMBER_OBJECT_CONVERSION = YES_AGGRESSIVE;
				CLANG_CXX_LANGUAGE_STANDARD = "gnu++17";
				CLANG_CXX_LIBRARY = "libc++";
				CLANG_ENABLE_MODULES = YES;
				CLANG_ENABLE_OBJC_ARC = YES;
				CLANG_ENABLE_OBJC_WEAK = YES;
				CLANG_WARN_BLOCK_CAPTURE_AUTORELEASING = YES;
				CLANG_WARN_BOOL_CONVERSION = YES;
				CLANG_WARN_COMMA = YES;
				CLANG_WARN_CONSTANT_CONVERSION = YES;
				CLANG_WARN_DEPRECATED_OBJC_IMPLEMENTATIONS = YES;
				CLANG_WARN_DIRECT_OBJC_ISA_USAGE = YES_ERROR;
				CLANG_WARN_DOCUMENTATION_COMMENTS = YES;
				CLANG_WARN_EMPTY_BODY = YES;
				CLANG_WARN_ENUM_CONVERSION = YES;
				CLANG_WARN_INFINITE_RECURSION = YES;
				CLANG_WARN_INT_CONVERSION = YES;
				CLANG_WARN_NON_LITERAL_NULL_CONVERSION = YES;
				CLANG_WARN_OBJC_IMPLICIT_RETAIN_SELF = YES;
				CLANG_WARN_OBJC_LITERAL_CONVERSION = YES;
				CLANG_WARN_OBJC_ROOT_CLASS = YES_ERROR;
				CLANG_WARN_QUOTED_INCLUDE_IN_FRAMEWORK_HEADER = YES;
				CLANG_WARN_RANGE_LOOP_ANALYSIS = YES;
				CLANG_WARN_STRICT_PROTOTYPES = YES;
				CLANG_WARN_SUSPICIOUS_MOVE = YES;
				CLANG_WARN_UNGUARDED_AVAILABILITY = YES_AGGRESSIVE;
				CLANG_WARN_UNREACHABLE_CODE = YES;
				CLANG_WARN__DUPLICATE_METHOD_MATCH = YES;
				COPY_PHASE_STRIP = NO;
				DEBUG_INFORMATION_FORMAT = dwarf;
				ENABLE_STRICT_OBJC_MSGSEND = YES;
				ENABLE_TESTABILITY = YES;
				GCC_C_LANGUAGE_STANDARD = gnu11;
				GCC_DYNAMIC_NO_PIC = NO;
				GCC_NO_COMMON_BLOCKS = YES;
				GCC_OPTIMIZATION_LEVEL = 0;
				GCC_PREPROCESSOR_DEFINITIONS = (
					"DEBUG=1",
					"$(inherited)",
				);
				GCC_WARN_64_TO_32_BIT_CONVERSION = YES;
				GCC_WARN_ABOUT_RETURN_TYPE = YES_ERROR;
				GCC_WARN_UNDECLARED_SELECTOR = YES;
				GCC_WARN_UNINITIALIZED_AUTOS = YES_AGGRESSIVE;
				GCC_WARN_UNUSED_FUNCTION = YES;
				GCC_WARN_UNUSED_VARIABLE = YES;
				IPHONEOS_DEPLOYMENT_TARGET = 15.0;
				MTL_ENABLE_DEBUG_INFO = INCLUDE_SOURCE;
				MTL_FAST_MATH = YES;
				ONLY_ACTIVE_ARCH = YES;
				SDKROOT = iphoneos;
			};
			name = Debug;
		};
		7CA81BA5272E594100EFFE25 /* Release */ = {
			isa = XCBuildConfiguration;
			buildSettings = {
				ALWAYS_SEARCH_USER_PATHS = NO;
				CLANG_ANALYZER_NONNULL = YES;
				CLANG_ANALYZER_NUMBER_OBJECT_CONVERSION = YES_AGGRESSIVE;
				CLANG_CXX_LANGUAGE_STANDARD = "gnu++17";
				CLANG_CXX_LIBRARY = "libc++";
				CLANG_ENABLE_MODULES = YES;
				CLANG_ENABLE_OBJC_ARC = YES;
				CLANG_ENABLE_OBJC_WEAK = YES;
				CLANG_WARN_BLOCK_CAPTURE_AUTORELEASING = YES;
				CLANG_WARN_BOOL_CONVERSION = YES;
				CLANG_WARN_COMMA = YES;
				CLANG_WARN_CONSTANT_CONVERSION = YES;
				CLANG_WARN_DEPRECATED_OBJC_IMPLEMENTATIONS = YES;
				CLANG_WARN_DIRECT_OBJC_ISA_USAGE = YES_ERROR;
				CLANG_WARN_DOCUMENTATION_COMMENTS = YES;
				CLANG_WARN_EMPTY_BODY = YES;
				CLANG_WARN_ENUM_CONVERSION = YES;
				CLANG_WARN_INFINITE_RECURSION = YES;
				CLANG_WARN_INT_CONVERSION = YES;
				CLANG_WARN_NON_LITERAL_NULL_CONVERSION = YES;
				CLANG_WARN_OBJC_IMPLICIT_RETAIN_SELF = YES;
				CLANG_WARN_OBJC_LITERAL_CONVERSION = YES;
				CLANG_WARN_OBJC_ROOT_CLASS = YES_ERROR;
				CLANG_WARN_QUOTED_INCLUDE_IN_FRAMEWORK_HEADER = YES;
				CLANG_WARN_RANGE_LOOP_ANALYSIS = YES;
				CLANG_WARN_STRICT_PROTOTYPES = YES;
				CLANG_WARN_SUSPICIOUS_MOVE = YES;
				CLANG_WARN_UNGUARDED_AVAILABILITY = YES_AGGRESSIVE;
				CLANG_WARN_UNREACHABLE_CODE = YES;
				CLANG_WARN__DUPLICATE_METHOD_MATCH = YES;
				COPY_PHASE_STRIP = NO;
				DEBUG_INFORMATION_FORMAT = "dwarf-with-dsym";
				ENABLE_NS_ASSERTIONS = NO;
				ENABLE_STRICT_OBJC_MSGSEND = YES;
				GCC_C_LANGUAGE_STANDARD = gnu11;
				GCC_NO_COMMON_BLOCKS = YES;
				GCC_WARN_64_TO_32_BIT_CONVERSION = YES;
				GCC_WARN_ABOUT_RETURN_TYPE = YES_ERROR;
				GCC_WARN_UNDECLARED_SELECTOR = YES;
				GCC_WARN_UNINITIALIZED_AUTOS = YES_AGGRESSIVE;
				GCC_WARN_UNUSED_FUNCTION = YES;
				GCC_WARN_UNUSED_VARIABLE = YES;
				IPHONEOS_DEPLOYMENT_TARGET = 15.0;
				MTL_ENABLE_DEBUG_INFO = NO;
				MTL_FAST_MATH = YES;
				SDKROOT = iphoneos;
				VALIDATE_PRODUCT = YES;
			};
			name = Release;
		};
		7CA81BA7272E594100EFFE25 /* Debug */ = {
			isa = XCBuildConfiguration;
			buildSettings = {
				ASSETCATALOG_COMPILER_APPICON_NAME = AppIcon;
				ASSETCATALOG_COMPILER_GLOBAL_ACCENT_COLOR_NAME = AccentColor;
				CODE_SIGN_STYLE = Automatic;
				CURRENT_PROJECT_VERSION = 1;
				DEVELOPMENT_TEAM = 5T2B88VE8U;
				GENERATE_INFOPLIST_FILE = YES;
				INFOPLIST_FILE = QARecorder/Info.plist;
				INFOPLIST_KEY_UIApplicationSupportsIndirectInputEvents = YES;
				INFOPLIST_KEY_UILaunchStoryboardName = LaunchScreen;
				INFOPLIST_KEY_UIMainStoryboardFile = Main;
				INFOPLIST_KEY_UISupportedInterfaceOrientations_iPad = "UIInterfaceOrientationPortrait UIInterfaceOrientationPortraitUpsideDown UIInterfaceOrientationLandscapeLeft UIInterfaceOrientationLandscapeRight";
				INFOPLIST_KEY_UISupportedInterfaceOrientations_iPhone = "UIInterfaceOrientationPortrait UIInterfaceOrientationLandscapeLeft UIInterfaceOrientationLandscapeRight";
				LD_RUNPATH_SEARCH_PATHS = (
					"$(inherited)",
					"@executable_path/Frameworks",
				);
				MARKETING_VERSION = 1.0;
				PRODUCT_BUNDLE_IDENTIFIER = lecheng.chen.QARecorder;
				PRODUCT_NAME = "$(TARGET_NAME)";
				SWIFT_EMIT_LOC_STRINGS = YES;
				TARGETED_DEVICE_FAMILY = "1,2";
			};
			name = Debug;
		};
		7CA81BA8272E594100EFFE25 /* Release */ = {
			isa = XCBuildConfiguration;
			buildSettings = {
				ASSETCATALOG_COMPILER_APPICON_NAME = AppIcon;
				ASSETCATALOG_COMPILER_GLOBAL_ACCENT_COLOR_NAME = AccentColor;
				CODE_SIGN_STYLE = Automatic;
				CURRENT_PROJECT_VERSION = 1;
				DEVELOPMENT_TEAM = 5T2B88VE8U;
				GENERATE_INFOPLIST_FILE = YES;
				INFOPLIST_FILE = QARecorder/Info.plist;
				INFOPLIST_KEY_UIApplicationSupportsIndirectInputEvents = YES;
				INFOPLIST_KEY_UILaunchStoryboardName = LaunchScreen;
				INFOPLIST_KEY_UIMainStoryboardFile = Main;
				INFOPLIST_KEY_UISupportedInterfaceOrientations_iPad = "UIInterfaceOrientationPortrait UIInterfaceOrientationPortraitUpsideDown UIInterfaceOrientationLandscapeLeft UIInterfaceOrientationLandscapeRight";
				INFOPLIST_KEY_UISupportedInterfaceOrientations_iPhone = "UIInterfaceOrientationPortrait UIInterfaceOrientationLandscapeLeft UIInterfaceOrientationLandscapeRight";
				LD_RUNPATH_SEARCH_PATHS = (
					"$(inherited)",
					"@executable_path/Frameworks",
				);
				MARKETING_VERSION = 1.0;
				PRODUCT_BUNDLE_IDENTIFIER = lecheng.chen.QARecorder;
				PRODUCT_NAME = "$(TARGET_NAME)";
				SWIFT_EMIT_LOC_STRINGS = YES;
				TARGETED_DEVICE_FAMILY = "1,2";
			};
			name = Release;
		};
/* End XCBuildConfiguration section */

/* Begin XCConfigurationList section */
		7CA81B88272E593E00EFFE25 /* Build configuration list for PBXProject "QARecorder" */ = {
			isa = XCConfigurationList;
			buildConfigurations = (
				7CA81BA4272E594100EFFE25 /* Debug */,
				7CA81BA5272E594100EFFE25 /* Release */,
			);
			defaultConfigurationIsVisible = 0;
			defaultConfigurationName = Release;
		};
		7CA81BA6272E594100EFFE25 /* Build configuration list for PBXNativeTarget "QARecorder" */ = {
			isa = XCConfigurationList;
			buildConfigurations = (
				7CA81BA7272E594100EFFE25 /* Debug */,
				7CA81BA8272E594100EFFE25 /* Release */,
			);
			defaultConfigurationIsVisible = 0;
			defaultConfigurationName = Release;
		};
/* End XCConfigurationList section */
	};
	rootObject = 7CA81B85272E593E00EFFE25 /* Project object */;
}
